{
  "name": "CamApp",
  "version": "1.0.0",
  "lockfileVersion": 1,
  "requires": true,
  "dependencies": {
    "@fortawesome/fontawesome-free": {
      "version": "5.15.1",
      "resolved": "https://registry.npmjs.org/@fortawesome/fontawesome-free/-/fontawesome-free-5.15.1.tgz",
      "integrity": "sha512-OEdH7SyC1suTdhBGW91/zBfR6qaIhThbcN8PUXtXilY4GYnSBbVqOntdHbC1vXwsDnX0Qix2m2+DSU1J51ybOQ=="
    },
    "bootstrap-icons": {
      "version": "1.2.1",
      "resolved": "https://registry.npmjs.org/bootstrap-icons/-/bootstrap-icons-1.2.1.tgz",
      "integrity": "sha512-c63G57gFN9Yz1Dmi1RRpBd+cm/Lil31nRsnYxX8VeC/2wTk1Z54OU4twyLAVpgj2lX2lyHx0M8+xhEdkr79RAg=="
    }
  }
}
